
Microsoft Visual Studio Solution File, Format Version 12.00
# Visual Studio Version 16
VisualStudioVersion = 16.0.31702.278
MinimumVisualStudioVersion = 10.0.40219.1
Project("{FAE04EC0-301F-11D3-BF4B-00C04F79EFBC}") = "PiggyBank", "PiggyBank\PiggyBank.csproj", "{83094F13-A1EE-4588-AC48-C0E7132162CD}"
EndProject
Global
	GlobalSection(SolutionConfigurationPlatforms) = preSolution
		Debug|Any CPU = Debug|Any CPU
		Release|Any CPU = Release|Any CPU
	EndGlobalSection
	GlobalSection(ProjectConfigurationPlatforms) = postSolution
		{83094F13-A1EE-4588-AC48-C0E7132162CD}.Debug|Any CPU.ActiveCfg = Debug|Any CPU
		{83094F13-A1EE-4588-AC48-C0E7132162CD}.Debug|Any CPU.Build.0 = Debug|Any CPU
		{83094F13-A1EE-4588-AC48-C0E7132162CD}.Release|Any CPU.ActiveCfg = Release|Any CPU
		{83094F13-A1EE-4588-AC48-C0E7132162CD}.Release|Any CPU.Build.0 = Release|Any CPU
	EndGlobalSection
	GlobalSection(SolutionProperties) = preSolution
		HideSolutionNode = FALSE
	EndGlobalSection
	GlobalSection(ExtensibilityGlobals) = postSolution
		SolutionGuid = {C4DF0247-40B8-4161-AAF8-F07FFB3B70C9}
	EndGlobalSection
EndGlobal
